{
  "version": 1,
  "dependencies": {
    "net8.0-windows7.0": {
      "CommunityToolkit.Mvvm": {
        "type": "Direct",
        "requested": "[8.4.0, )",
        "resolved": "8.4.0",
        "contentHash": "tqVU8yc/ADO9oiTRyTnwhFN68hCwvkliMierptWOudIAvWY1mWCh5VFh+guwHJmpMwfg0J0rY+yyd5Oy7ty9Uw=="
      },
      "Microsoft.Extensions.DependencyInjection": {
        "type": "Direct",
        "requested": "[10.0.7, )",
        "resolved": "10.0.7",
        "contentHash": "91F/o3emPV/+xY/ip3s2LqDNF14kjttlVtq0BXgg6p4MnCzeSZxnUJm+t6WRrtD3JdGo88/oX+z7OwK4y8PZuw==",
        "dependencies": {
          "Microsoft.Extensions.DependencyInjection.Abstractions": "10.0.7"
        }
      },
      "Microsoft.Extensions.DependencyInjection.Abstractions": {
        "type": "Transitive",
        "resolved": "10.0.7",
        "contentHash": "Z6mfFEaFcwCfSboxJwOLfu7/31npCY9q70WUamHW/vRQhDvBKOT4Vf9YkZj5J6hLvJpb0oDEYfHunQZj0xxvKw=="
      },
      "System.Diagnostics.EventLog": {
        "type": "Transitive",
        "resolved": "8.0.1",
        "contentHash": "n1ZP7NM2Gkn/MgD8+eOT5MulMj6wfeQMNS2Pizvq5GHCZfjlFMXV2irQlQmJhwA2VABC57M0auudO89Iu2uRLg=="
      },
      "System.IO.Abstractions": {
        "type": "Transitive",
        "resolved": "21.0.29",
        "contentHash": "EqqngPcNhqjGHKYVjhfU8D/l3rj/m00VaXxuRrWjal38Kw8kqN3f63sj69b/8Q6OAeJkA/nbWsn/iwPMqCQvfg==",
        "dependencies": {
          "TestableIO.System.IO.Abstractions": "21.0.29",
          "TestableIO.System.IO.Abstractions.Wrappers": "21.0.29"
        }
      },
      "TestableIO.System.IO.Abstractions": {
        "type": "Transitive",
        "resolved": "21.0.29",
        "contentHash": "3TtSs2i0m0QqpAI4EzR1vZXQuHNw5grBy0rDKqMkWi6ySEZ+yhN9HACgIyEq7gDXPLrtQI18ud/OtI0qVhP8Mg=="
      },
      "TestableIO.System.IO.Abstractions.Wrappers": {
        "type": "Transitive",
        "resolved": "21.0.29",
        "contentHash": "bm1stQx3rGV2qBW2xAAvl8ODVGNVkiAkqNsE+LsKfhMamBUa07IgsgMc9X/zBHc5yfAJOqJIUArQ56DDgwGyYA==",
        "dependencies": {
          "TestableIO.System.IO.Abstractions": "21.0.29"
        }
      },
      "installerclean.core": {
        "type": "Project",
        "dependencies": {
          "Microsoft.Extensions.DependencyInjection.Abstractions": "[8.0.2, )",
          "System.Diagnostics.EventLog": "[8.0.1, )",
          "System.IO.Abstractions": "[21.0.29, )"
        }
      }
    }
  }
}