{
  "version": 1,
  "dependencies": {
    "net8.0-windows7.0": {
      "CommunityToolkit.Mvvm": {
        "type": "Direct",
        "requested": "[8.4.0, )",
        "resolved": "8.4.0",
        "contentHash": "tqVU8yc/ADO9oiTRyTnwhFN68hCwvkliMierptWOudIAvWY1mWCh5VFh+guwHJmpMwfg0J0rY+yyd5Oy7ty9Uw=="
      },
      "System.IO.Abstractions": {
        "type": "Direct",
        "requested": "[21.0.29, )",
        "resolved": "21.0.29",
        "contentHash": "EqqngPcNhqjGHKYVjhfU8D/l3rj/m00VaXxuRrWjal38Kw8kqN3f63sj69b/8Q6OAeJkA/nbWsn/iwPMqCQvfg==",
        "dependencies": {
          "TestableIO.System.IO.Abstractions": "21.0.29",
          "TestableIO.System.IO.Abstractions.Wrappers": "21.0.29"
        }
      },
      "TestableIO.System.IO.Abstractions": {
        "type": "Transitive",
        "resolved": "21.0.29",
        "contentHash": "3TtSs2i0m0QqpAI4EzR1vZXQuHNw5grBy0rDKqMkWi6ySEZ+yhN9HACgIyEq7gDXPLrtQI18ud/OtI0qVhP8Mg=="
      },
      "TestableIO.System.IO.Abstractions.Wrappers": {
        "type": "Transitive",
        "resolved": "21.0.29",
        "contentHash": "bm1stQx3rGV2qBW2xAAvl8ODVGNVkiAkqNsE+LsKfhMamBUa07IgsgMc9X/zBHc5yfAJOqJIUArQ56DDgwGyYA==",
        "dependencies": {
          "TestableIO.System.IO.Abstractions": "21.0.29"
        }
      }
    }
  }
}