{
  "version": 1,
  "dependencies": {
    "net10.0": {
      "Microsoft.Extensions.DependencyInjection.Abstractions": {
        "type": "Direct",
        "requested": "[10.0.7, )",
        "resolved": "10.0.7",
        "contentHash": "Z6mfFEaFcwCfSboxJwOLfu7/31npCY9q70WUamHW/vRQhDvBKOT4Vf9YkZj5J6hLvJpb0oDEYfHunQZj0xxvKw=="
      },
      "Microsoft.NET.ILLink.Tasks": {
        "type": "Direct",
        "requested": "[10.0.7, )",
        "resolved": "10.0.7",
        "contentHash": "AA/yhzFHNtQZXLdqjzujPy25G8EWwGWsAnxOE2zYSBoT/8QHP6ketN3CToD3DFreO653ipUwnKHo22B8AlBMCw=="
      },
      "System.Diagnostics.EventLog": {
        "type": "Direct",
        "requested": "[10.0.7, )",
        "resolved": "10.0.7",
        "contentHash": "WbmDLeTPYhEzXhvYVioTVn/D1XX6bovyny9n5p8Zxtf03+eY385RB818teZm6n+fA63iZNvng0/Np4tLuhkMhQ=="
      },
      "System.IO.Abstractions": {
        "type": "Direct",
        "requested": "[22.1.1, )",
        "resolved": "22.1.1",
        "contentHash": "nm4sNhAoN1NyiIVT6MS3EEzNjnir3PC1HE0mKGGUFg6RBW1HmRvWKuRDPkij1etOoQkpyIFmjVGcM6TpBGF3qQ==",
        "dependencies": {
          "TestableIO.System.IO.Abstractions": "22.1.1",
          "TestableIO.System.IO.Abstractions.Wrappers": "22.1.1"
        }
      },
      "TestableIO.System.IO.Abstractions": {
        "type": "Transitive",
        "resolved": "22.1.1",
        "contentHash": "EJmXIKfwvJHvSHWP+NjA213avUdofV4SmBx2aWxc3SzPkrHHVKxUMC3fSa/epzk/SVITwuU2EAntgQTvobAqwQ==",
        "dependencies": {
          "Testably.Abstractions.FileSystem.Interface": "10.1.0"
        }
      },
      "TestableIO.System.IO.Abstractions.Wrappers": {
        "type": "Transitive",
        "resolved": "22.1.1",
        "contentHash": "J91zmSwuMY75ybtkqAFMC3vDNMkLJ/kiDDLhORITEwTKNhEwEYfxAQGv+f0jGYZg/H0YbnGcx5Ky0FgFJwrrWQ==",
        "dependencies": {
          "Testably.Abstractions.FileSystem.Interface": "10.1.0"
        }
      },
      "Testably.Abstractions.FileSystem.Interface": {
        "type": "Transitive",
        "resolved": "10.1.0",
        "contentHash": "0R+m7DvS2QuDcFOfDGtyGErRrgXOl4/z2tbNLX2RfvlYJjlVcKG+wMIBfZO8vxGtTNwNxffTG4ibFRwd0jkM7w=="
      }
    },
    "net10.0/win-x64": {
      "System.Diagnostics.EventLog": {
        "type": "Direct",
        "requested": "[10.0.7, )",
        "resolved": "10.0.7",
        "contentHash": "WbmDLeTPYhEzXhvYVioTVn/D1XX6bovyny9n5p8Zxtf03+eY385RB818teZm6n+fA63iZNvng0/Np4tLuhkMhQ=="
      }
    }
  }
}